
Microsoft Visual Studio Solution File, Format Version 10.00
# Visual C# Express 2008
Project("{FAE04EC0-301F-11D3-BF4B-00C04F79EFBC}") = "Builder", "Builder.csproj", "{818B3D10-F791-4C3F-9AF5-BB2D0079B63C}"
EndProject
Project("{FAE04EC0-301F-11D3-BF4B-00C04F79EFBC}") = "BuilderModes", "..\Plugins\BuilderModes\BuilderModes.csproj", "{B42D5AA0-F9A6-4234-9C4B-A05B11A64851}"
EndProject
Project("{FAE04EC0-301F-11D3-BF4B-00C04F79EFBC}") = "GZDoomEditing", "..\Plugins\GZDoomEditing\GZDoomEditing.csproj", "{760A9BC7-CB73-4C36-858B-994C14996FCD}"
EndProject
Project("{FAE04EC0-301F-11D3-BF4B-00C04F79EFBC}") = "ColorPicker", "..\Plugins\ColorPicker\ColorPicker.csproj", "{A4761900-0EA3-4FE4-A919-847FD5080EFC}"
EndProject
Project("{FAE04EC0-301F-11D3-BF4B-00C04F79EFBC}") = "UDMFControls", "..\Plugins\UMDFControls\UDMFControls.csproj", "{2D11C828-295C-463A-8545-CA1AD6D51518}"
EndProject
Project("{FAE04EC0-301F-11D3-BF4B-00C04F79EFBC}") = "TagExplorer", "..\Plugins\TagExplorer\TagExplorer.csproj", "{BE7917F3-E6FE-4D5B-8FA9-B8E7668AC731}"
EndProject
Project("{FAE04EC0-301F-11D3-BF4B-00C04F79EFBC}") = "SurfaceAligner", "..\Plugins\SurfaceAligner\SurfaceAligner.csproj", "{F296285F-313E-4FA5-A2D6-DC8472378A7D}"
EndProject
Global
	GlobalSection(SolutionConfigurationPlatforms) = preSolution
		Debug|Any CPU = Debug|Any CPU
		Debug|Mixed Platforms = Debug|Mixed Platforms
		Debug|x86 = Debug|x86
		Release|Any CPU = Release|Any CPU
		Release|Mixed Platforms = Release|Mixed Platforms
		Release|x86 = Release|x86
	EndGlobalSection
	GlobalSection(ProjectConfigurationPlatforms) = postSolution
		{818B3D10-F791-4C3F-9AF5-BB2D0079B63C}.Debug|Any CPU.ActiveCfg = Debug|x86
		{818B3D10-F791-4C3F-9AF5-BB2D0079B63C}.Debug|Mixed Platforms.ActiveCfg = Debug|x86
		{818B3D10-F791-4C3F-9AF5-BB2D0079B63C}.Debug|Mixed Platforms.Build.0 = Debug|x86
		{818B3D10-F791-4C3F-9AF5-BB2D0079B63C}.Debug|x86.ActiveCfg = Debug|x86
		{818B3D10-F791-4C3F-9AF5-BB2D0079B63C}.Debug|x86.Build.0 = Debug|x86
		{818B3D10-F791-4C3F-9AF5-BB2D0079B63C}.Release|Any CPU.ActiveCfg = Release|x86
		{818B3D10-F791-4C3F-9AF5-BB2D0079B63C}.Release|Mixed Platforms.ActiveCfg = Release|x86
		{818B3D10-F791-4C3F-9AF5-BB2D0079B63C}.Release|Mixed Platforms.Build.0 = Release|x86
		{818B3D10-F791-4C3F-9AF5-BB2D0079B63C}.Release|x86.ActiveCfg = Release|x86
		{818B3D10-F791-4C3F-9AF5-BB2D0079B63C}.Release|x86.Build.0 = Release|x86
		{B42D5AA0-F9A6-4234-9C4B-A05B11A64851}.Debug|Any CPU.ActiveCfg = Debug|x86
		{B42D5AA0-F9A6-4234-9C4B-A05B11A64851}.Debug|Mixed Platforms.ActiveCfg = Debug|x86
		{B42D5AA0-F9A6-4234-9C4B-A05B11A64851}.Debug|Mixed Platforms.Build.0 = Debug|x86
		{B42D5AA0-F9A6-4234-9C4B-A05B11A64851}.Debug|x86.ActiveCfg = Debug|x86
		{B42D5AA0-F9A6-4234-9C4B-A05B11A64851}.Debug|x86.Build.0 = Debug|x86
		{B42D5AA0-F9A6-4234-9C4B-A05B11A64851}.Release|Any CPU.ActiveCfg = Release|x86
		{B42D5AA0-F9A6-4234-9C4B-A05B11A64851}.Release|Mixed Platforms.ActiveCfg = Release|x86
		{B42D5AA0-F9A6-4234-9C4B-A05B11A64851}.Release|Mixed Platforms.Build.0 = Release|x86
		{B42D5AA0-F9A6-4234-9C4B-A05B11A64851}.Release|x86.ActiveCfg = Release|x86
		{B42D5AA0-F9A6-4234-9C4B-A05B11A64851}.Release|x86.Build.0 = Release|x86
		{760A9BC7-CB73-4C36-858B-994C14996FCD}.Debug|Any CPU.ActiveCfg = Debug|x86
		{760A9BC7-CB73-4C36-858B-994C14996FCD}.Debug|Mixed Platforms.ActiveCfg = Debug|x86
		{760A9BC7-CB73-4C36-858B-994C14996FCD}.Debug|Mixed Platforms.Build.0 = Debug|x86
		{760A9BC7-CB73-4C36-858B-994C14996FCD}.Debug|x86.ActiveCfg = Debug|x86
		{760A9BC7-CB73-4C36-858B-994C14996FCD}.Debug|x86.Build.0 = Debug|x86
		{760A9BC7-CB73-4C36-858B-994C14996FCD}.Release|Any CPU.ActiveCfg = Release|x86
		{760A9BC7-CB73-4C36-858B-994C14996FCD}.Release|Mixed Platforms.ActiveCfg = Release|x86
		{760A9BC7-CB73-4C36-858B-994C14996FCD}.Release|Mixed Platforms.Build.0 = Release|x86
		{760A9BC7-CB73-4C36-858B-994C14996FCD}.Release|x86.ActiveCfg = Release|x86
		{760A9BC7-CB73-4C36-858B-994C14996FCD}.Release|x86.Build.0 = Release|x86
		{A4761900-0EA3-4FE4-A919-847FD5080EFC}.Debug|Any CPU.ActiveCfg = Debug|x86
		{A4761900-0EA3-4FE4-A919-847FD5080EFC}.Debug|Mixed Platforms.ActiveCfg = Debug|x86
		{A4761900-0EA3-4FE4-A919-847FD5080EFC}.Debug|Mixed Platforms.Build.0 = Debug|x86
		{A4761900-0EA3-4FE4-A919-847FD5080EFC}.Debug|x86.ActiveCfg = Debug|x86
		{A4761900-0EA3-4FE4-A919-847FD5080EFC}.Debug|x86.Build.0 = Debug|x86
		{A4761900-0EA3-4FE4-A919-847FD5080EFC}.Release|Any CPU.ActiveCfg = Release|x86
		{A4761900-0EA3-4FE4-A919-847FD5080EFC}.Release|Mixed Platforms.ActiveCfg = Release|x86
		{A4761900-0EA3-4FE4-A919-847FD5080EFC}.Release|Mixed Platforms.Build.0 = Release|x86
		{A4761900-0EA3-4FE4-A919-847FD5080EFC}.Release|x86.ActiveCfg = Release|x86
		{A4761900-0EA3-4FE4-A919-847FD5080EFC}.Release|x86.Build.0 = Release|x86
		{2D11C828-295C-463A-8545-CA1AD6D51518}.Debug|Any CPU.ActiveCfg = Debug|x86
		{2D11C828-295C-463A-8545-CA1AD6D51518}.Debug|Mixed Platforms.ActiveCfg = Debug|x86
		{2D11C828-295C-463A-8545-CA1AD6D51518}.Debug|Mixed Platforms.Build.0 = Debug|x86
		{2D11C828-295C-463A-8545-CA1AD6D51518}.Debug|x86.ActiveCfg = Debug|x86
		{2D11C828-295C-463A-8545-CA1AD6D51518}.Debug|x86.Build.0 = Debug|x86
		{2D11C828-295C-463A-8545-CA1AD6D51518}.Release|Any CPU.ActiveCfg = Release|x86
		{2D11C828-295C-463A-8545-CA1AD6D51518}.Release|Mixed Platforms.ActiveCfg = Release|x86
		{2D11C828-295C-463A-8545-CA1AD6D51518}.Release|Mixed Platforms.Build.0 = Release|x86
		{2D11C828-295C-463A-8545-CA1AD6D51518}.Release|x86.ActiveCfg = Release|x86
		{2D11C828-295C-463A-8545-CA1AD6D51518}.Release|x86.Build.0 = Release|x86
		{BE7917F3-E6FE-4D5B-8FA9-B8E7668AC731}.Debug|Any CPU.ActiveCfg = Debug|x86
		{BE7917F3-E6FE-4D5B-8FA9-B8E7668AC731}.Debug|Mixed Platforms.ActiveCfg = Debug|x86
		{BE7917F3-E6FE-4D5B-8FA9-B8E7668AC731}.Debug|Mixed Platforms.Build.0 = Debug|x86
		{BE7917F3-E6FE-4D5B-8FA9-B8E7668AC731}.Debug|x86.ActiveCfg = Debug|x86
		{BE7917F3-E6FE-4D5B-8FA9-B8E7668AC731}.Debug|x86.Build.0 = Debug|x86
		{BE7917F3-E6FE-4D5B-8FA9-B8E7668AC731}.Release|Any CPU.ActiveCfg = Release|x86
		{BE7917F3-E6FE-4D5B-8FA9-B8E7668AC731}.Release|Mixed Platforms.ActiveCfg = Release|x86
		{BE7917F3-E6FE-4D5B-8FA9-B8E7668AC731}.Release|Mixed Platforms.Build.0 = Release|x86
		{BE7917F3-E6FE-4D5B-8FA9-B8E7668AC731}.Release|x86.ActiveCfg = Release|x86
		{BE7917F3-E6FE-4D5B-8FA9-B8E7668AC731}.Release|x86.Build.0 = Release|x86
		{F296285F-313E-4FA5-A2D6-DC8472378A7D}.Debug|Any CPU.ActiveCfg = Debug|x86
		{F296285F-313E-4FA5-A2D6-DC8472378A7D}.Debug|Mixed Platforms.ActiveCfg = Debug|x86
		{F296285F-313E-4FA5-A2D6-DC8472378A7D}.Debug|Mixed Platforms.Build.0 = Debug|x86
		{F296285F-313E-4FA5-A2D6-DC8472378A7D}.Debug|x86.ActiveCfg = Debug|x86
		{F296285F-313E-4FA5-A2D6-DC8472378A7D}.Debug|x86.Build.0 = Debug|x86
		{F296285F-313E-4FA5-A2D6-DC8472378A7D}.Release|Any CPU.ActiveCfg = Release|x86
		{F296285F-313E-4FA5-A2D6-DC8472378A7D}.Release|Mixed Platforms.ActiveCfg = Release|x86
		{F296285F-313E-4FA5-A2D6-DC8472378A7D}.Release|Mixed Platforms.Build.0 = Release|x86
		{F296285F-313E-4FA5-A2D6-DC8472378A7D}.Release|x86.ActiveCfg = Release|x86
		{F296285F-313E-4FA5-A2D6-DC8472378A7D}.Release|x86.Build.0 = Release|x86
	EndGlobalSection
	GlobalSection(SolutionProperties) = preSolution
		HideSolutionNode = FALSE
	EndGlobalSection
EndGlobal
