
Microsoft Visual Studio Solution File, Format Version 10.00
# Visual Studio 2008
Project("{FAE04EC0-301F-11D3-BF4B-00C04F79EFBC}") = "Builder", "Source\Core\Builder.csproj", "{818B3D10-F791-4C3F-9AF5-BB2D0079B63C}"
EndProject
Project("{FAE04EC0-301F-11D3-BF4B-00C04F79EFBC}") = "BuilderModes", "Source\Plugins\BuilderModes\BuilderModes.csproj", "{B42D5AA0-F9A6-4234-9C4B-A05B11A64851}"
EndProject
Project("{FAE04EC0-301F-11D3-BF4B-00C04F79EFBC}") = "Statistics", "Source\Plugins\Statistics\Statistics.csproj", "{FBC0A503-9152-4BE2-9B5C-128FFD0B0D3F}"
EndProject
Project("{FAE04EC0-301F-11D3-BF4B-00C04F79EFBC}") = "CopyPasteSectorProperties", "Source\Plugins\CopyPasteSectorProps\CopyPasteSectorProperties.csproj", "{A5F93B70-18D9-4F3C-9B72-BC8B5B13998E}"
EndProject
Project("{FAE04EC0-301F-11D3-BF4B-00C04F79EFBC}") = "ImageDrawingExample", "Source\Plugins\ImageDrawingExample\ImageDrawingExample.csproj", "{CBD14608-D467-458A-97B3-CA767CA85203}"
EndProject
Project("{FAE04EC0-301F-11D3-BF4B-00C04F79EFBC}") = "CommentsPanel", "Source\Plugins\CommentsPanel\CommentsPanel.csproj", "{58BD8A5B-1B48-435D-8473-A92F27D06C49}"
EndProject
Project("{FAE04EC0-301F-11D3-BF4B-00C04F79EFBC}") = "WadAuthorMode", "Source\Plugins\WadAuthorMode\WadAuthorMode.csproj", "{B675B60F-FFB4-4170-BEA8-A8849E197B93}"
EndProject
Project("{FAE04EC0-301F-11D3-BF4B-00C04F79EFBC}") = "USDF", "Source\Plugins\USDF\USDF.csproj", "{CC9BAD62-C57B-45A0-BC5D-172A2957ADC7}"
EndProject
Project("{FAE04EC0-301F-11D3-BF4B-00C04F79EFBC}") = "TagRange", "Source\Plugins\TagRange\TagRange.csproj", "{F49EFF6D-51CB-4E49-8223-AAE653C5B62F}"
EndProject
Project("{FAE04EC0-301F-11D3-BF4B-00C04F79EFBC}") = "GZDoomEditing", "Source\Plugins\GZDoomEditing\GZDoomEditing.csproj", "{760A9BC7-CB73-4C36-858B-994C14996FCD}"
EndProject
Global
	GlobalSection(SolutionConfigurationPlatforms) = preSolution
		Debug|Any CPU = Debug|Any CPU
		Debug|Mixed Platforms = Debug|Mixed Platforms
		Debug|x86 = Debug|x86
		Release|Any CPU = Release|Any CPU
		Release|Mixed Platforms = Release|Mixed Platforms
		Release|x86 = Release|x86
	EndGlobalSection
	GlobalSection(ProjectConfigurationPlatforms) = postSolution
		{818B3D10-F791-4C3F-9AF5-BB2D0079B63C}.Debug|Any CPU.ActiveCfg = Debug|x86
		{818B3D10-F791-4C3F-9AF5-BB2D0079B63C}.Debug|Mixed Platforms.ActiveCfg = Debug|x86
		{818B3D10-F791-4C3F-9AF5-BB2D0079B63C}.Debug|Mixed Platforms.Build.0 = Debug|x86
		{818B3D10-F791-4C3F-9AF5-BB2D0079B63C}.Debug|x86.ActiveCfg = Debug|x86
		{818B3D10-F791-4C3F-9AF5-BB2D0079B63C}.Debug|x86.Build.0 = Debug|x86
		{818B3D10-F791-4C3F-9AF5-BB2D0079B63C}.Release|Any CPU.ActiveCfg = Release|x86
		{818B3D10-F791-4C3F-9AF5-BB2D0079B63C}.Release|Mixed Platforms.ActiveCfg = Release|x86
		{818B3D10-F791-4C3F-9AF5-BB2D0079B63C}.Release|Mixed Platforms.Build.0 = Release|x86
		{818B3D10-F791-4C3F-9AF5-BB2D0079B63C}.Release|x86.ActiveCfg = Release|x86
		{818B3D10-F791-4C3F-9AF5-BB2D0079B63C}.Release|x86.Build.0 = Release|x86
		{B42D5AA0-F9A6-4234-9C4B-A05B11A64851}.Debug|Any CPU.ActiveCfg = Debug|x86
		{B42D5AA0-F9A6-4234-9C4B-A05B11A64851}.Debug|Mixed Platforms.ActiveCfg = Debug|x86
		{B42D5AA0-F9A6-4234-9C4B-A05B11A64851}.Debug|Mixed Platforms.Build.0 = Debug|x86
		{B42D5AA0-F9A6-4234-9C4B-A05B11A64851}.Debug|x86.ActiveCfg = Debug|x86
		{B42D5AA0-F9A6-4234-9C4B-A05B11A64851}.Debug|x86.Build.0 = Debug|x86
		{B42D5AA0-F9A6-4234-9C4B-A05B11A64851}.Release|Any CPU.ActiveCfg = Release|x86
		{B42D5AA0-F9A6-4234-9C4B-A05B11A64851}.Release|Mixed Platforms.ActiveCfg = Release|x86
		{B42D5AA0-F9A6-4234-9C4B-A05B11A64851}.Release|Mixed Platforms.Build.0 = Release|x86
		{B42D5AA0-F9A6-4234-9C4B-A05B11A64851}.Release|x86.ActiveCfg = Release|x86
		{B42D5AA0-F9A6-4234-9C4B-A05B11A64851}.Release|x86.Build.0 = Release|x86
		{FBC0A503-9152-4BE2-9B5C-128FFD0B0D3F}.Debug|Any CPU.ActiveCfg = Debug|x86
		{FBC0A503-9152-4BE2-9B5C-128FFD0B0D3F}.Debug|Mixed Platforms.ActiveCfg = Debug|x86
		{FBC0A503-9152-4BE2-9B5C-128FFD0B0D3F}.Debug|Mixed Platforms.Build.0 = Debug|x86
		{FBC0A503-9152-4BE2-9B5C-128FFD0B0D3F}.Debug|x86.ActiveCfg = Debug|x86
		{FBC0A503-9152-4BE2-9B5C-128FFD0B0D3F}.Debug|x86.Build.0 = Debug|x86
		{FBC0A503-9152-4BE2-9B5C-128FFD0B0D3F}.Release|Any CPU.ActiveCfg = Release|x86
		{FBC0A503-9152-4BE2-9B5C-128FFD0B0D3F}.Release|Mixed Platforms.ActiveCfg = Release|x86
		{FBC0A503-9152-4BE2-9B5C-128FFD0B0D3F}.Release|Mixed Platforms.Build.0 = Release|x86
		{FBC0A503-9152-4BE2-9B5C-128FFD0B0D3F}.Release|x86.ActiveCfg = Release|x86
		{A5F93B70-18D9-4F3C-9B72-BC8B5B13998E}.Debug|Any CPU.ActiveCfg = Debug|x86
		{A5F93B70-18D9-4F3C-9B72-BC8B5B13998E}.Debug|Mixed Platforms.ActiveCfg = Debug|x86
		{A5F93B70-18D9-4F3C-9B72-BC8B5B13998E}.Debug|Mixed Platforms.Build.0 = Debug|x86
		{A5F93B70-18D9-4F3C-9B72-BC8B5B13998E}.Debug|x86.ActiveCfg = Debug|x86
		{A5F93B70-18D9-4F3C-9B72-BC8B5B13998E}.Debug|x86.Build.0 = Debug|x86
		{A5F93B70-18D9-4F3C-9B72-BC8B5B13998E}.Release|Any CPU.ActiveCfg = Release|x86
		{A5F93B70-18D9-4F3C-9B72-BC8B5B13998E}.Release|Mixed Platforms.ActiveCfg = Release|x86
		{A5F93B70-18D9-4F3C-9B72-BC8B5B13998E}.Release|Mixed Platforms.Build.0 = Release|x86
		{A5F93B70-18D9-4F3C-9B72-BC8B5B13998E}.Release|x86.ActiveCfg = Release|x86
		{CBD14608-D467-458A-97B3-CA767CA85203}.Debug|Any CPU.ActiveCfg = Debug|x86
		{CBD14608-D467-458A-97B3-CA767CA85203}.Debug|Mixed Platforms.ActiveCfg = Debug|x86
		{CBD14608-D467-458A-97B3-CA767CA85203}.Debug|Mixed Platforms.Build.0 = Debug|x86
		{CBD14608-D467-458A-97B3-CA767CA85203}.Debug|x86.ActiveCfg = Debug|x86
		{CBD14608-D467-458A-97B3-CA767CA85203}.Debug|x86.Build.0 = Debug|x86
		{CBD14608-D467-458A-97B3-CA767CA85203}.Release|Any CPU.ActiveCfg = Release|x86
		{CBD14608-D467-458A-97B3-CA767CA85203}.Release|Mixed Platforms.ActiveCfg = Release|x86
		{CBD14608-D467-458A-97B3-CA767CA85203}.Release|Mixed Platforms.Build.0 = Release|x86
		{CBD14608-D467-458A-97B3-CA767CA85203}.Release|x86.ActiveCfg = Release|x86
		{58BD8A5B-1B48-435D-8473-A92F27D06C49}.Debug|Any CPU.ActiveCfg = Debug|x86
		{58BD8A5B-1B48-435D-8473-A92F27D06C49}.Debug|Mixed Platforms.ActiveCfg = Debug|x86
		{58BD8A5B-1B48-435D-8473-A92F27D06C49}.Debug|Mixed Platforms.Build.0 = Debug|x86
		{58BD8A5B-1B48-435D-8473-A92F27D06C49}.Debug|x86.ActiveCfg = Debug|x86
		{58BD8A5B-1B48-435D-8473-A92F27D06C49}.Debug|x86.Build.0 = Debug|x86
		{58BD8A5B-1B48-435D-8473-A92F27D06C49}.Release|Any CPU.ActiveCfg = Release|x86
		{58BD8A5B-1B48-435D-8473-A92F27D06C49}.Release|Mixed Platforms.ActiveCfg = Release|x86
		{58BD8A5B-1B48-435D-8473-A92F27D06C49}.Release|Mixed Platforms.Build.0 = Release|x86
		{58BD8A5B-1B48-435D-8473-A92F27D06C49}.Release|x86.ActiveCfg = Release|x86
		{58BD8A5B-1B48-435D-8473-A92F27D06C49}.Release|x86.Build.0 = Release|x86
		{B675B60F-FFB4-4170-BEA8-A8849E197B93}.Debug|Any CPU.ActiveCfg = Debug|x86
		{B675B60F-FFB4-4170-BEA8-A8849E197B93}.Debug|Mixed Platforms.ActiveCfg = Debug|x86
		{B675B60F-FFB4-4170-BEA8-A8849E197B93}.Debug|Mixed Platforms.Build.0 = Debug|x86
		{B675B60F-FFB4-4170-BEA8-A8849E197B93}.Debug|x86.ActiveCfg = Debug|x86
		{B675B60F-FFB4-4170-BEA8-A8849E197B93}.Debug|x86.Build.0 = Debug|x86
		{B675B60F-FFB4-4170-BEA8-A8849E197B93}.Release|Any CPU.ActiveCfg = Release|x86
		{B675B60F-FFB4-4170-BEA8-A8849E197B93}.Release|Mixed Platforms.ActiveCfg = Release|x86
		{B675B60F-FFB4-4170-BEA8-A8849E197B93}.Release|Mixed Platforms.Build.0 = Release|x86
		{B675B60F-FFB4-4170-BEA8-A8849E197B93}.Release|x86.ActiveCfg = Release|x86
		{B675B60F-FFB4-4170-BEA8-A8849E197B93}.Release|x86.Build.0 = Release|x86
		{CC9BAD62-C57B-45A0-BC5D-172A2957ADC7}.Debug|Any CPU.ActiveCfg = Debug|x86
		{CC9BAD62-C57B-45A0-BC5D-172A2957ADC7}.Debug|Mixed Platforms.ActiveCfg = Debug|x86
		{CC9BAD62-C57B-45A0-BC5D-172A2957ADC7}.Debug|Mixed Platforms.Build.0 = Debug|x86
		{CC9BAD62-C57B-45A0-BC5D-172A2957ADC7}.Debug|x86.ActiveCfg = Debug|x86
		{CC9BAD62-C57B-45A0-BC5D-172A2957ADC7}.Debug|x86.Build.0 = Debug|x86
		{CC9BAD62-C57B-45A0-BC5D-172A2957ADC7}.Release|Any CPU.ActiveCfg = Release|x86
		{CC9BAD62-C57B-45A0-BC5D-172A2957ADC7}.Release|Mixed Platforms.ActiveCfg = Release|x86
		{CC9BAD62-C57B-45A0-BC5D-172A2957ADC7}.Release|Mixed Platforms.Build.0 = Release|x86
		{CC9BAD62-C57B-45A0-BC5D-172A2957ADC7}.Release|x86.ActiveCfg = Release|x86
		{CC9BAD62-C57B-45A0-BC5D-172A2957ADC7}.Release|x86.Build.0 = Release|x86
		{F49EFF6D-51CB-4E49-8223-AAE653C5B62F}.Debug|Any CPU.ActiveCfg = Debug|x86
		{F49EFF6D-51CB-4E49-8223-AAE653C5B62F}.Debug|Mixed Platforms.ActiveCfg = Debug|x86
		{F49EFF6D-51CB-4E49-8223-AAE653C5B62F}.Debug|Mixed Platforms.Build.0 = Debug|x86
		{F49EFF6D-51CB-4E49-8223-AAE653C5B62F}.Debug|x86.ActiveCfg = Debug|x86
		{F49EFF6D-51CB-4E49-8223-AAE653C5B62F}.Debug|x86.Build.0 = Debug|x86
		{F49EFF6D-51CB-4E49-8223-AAE653C5B62F}.Release|Any CPU.ActiveCfg = Release|x86
		{F49EFF6D-51CB-4E49-8223-AAE653C5B62F}.Release|Mixed Platforms.ActiveCfg = Release|x86
		{F49EFF6D-51CB-4E49-8223-AAE653C5B62F}.Release|Mixed Platforms.Build.0 = Release|x86
		{F49EFF6D-51CB-4E49-8223-AAE653C5B62F}.Release|x86.ActiveCfg = Release|x86
		{F49EFF6D-51CB-4E49-8223-AAE653C5B62F}.Release|x86.Build.0 = Release|x86
		{760A9BC7-CB73-4C36-858B-994C14996FCD}.Debug|Any CPU.ActiveCfg = Debug|x86
		{760A9BC7-CB73-4C36-858B-994C14996FCD}.Debug|Mixed Platforms.ActiveCfg = Debug|x86
		{760A9BC7-CB73-4C36-858B-994C14996FCD}.Debug|Mixed Platforms.Build.0 = Debug|x86
		{760A9BC7-CB73-4C36-858B-994C14996FCD}.Debug|x86.ActiveCfg = Debug|x86
		{760A9BC7-CB73-4C36-858B-994C14996FCD}.Debug|x86.Build.0 = Debug|x86
		{760A9BC7-CB73-4C36-858B-994C14996FCD}.Release|Any CPU.ActiveCfg = Release|x86
		{760A9BC7-CB73-4C36-858B-994C14996FCD}.Release|Mixed Platforms.ActiveCfg = Release|x86
		{760A9BC7-CB73-4C36-858B-994C14996FCD}.Release|Mixed Platforms.Build.0 = Release|x86
		{760A9BC7-CB73-4C36-858B-994C14996FCD}.Release|x86.ActiveCfg = Release|x86
		{760A9BC7-CB73-4C36-858B-994C14996FCD}.Release|x86.Build.0 = Release|x86
	EndGlobalSection
	GlobalSection(SolutionProperties) = preSolution
		HideSolutionNode = FALSE
	EndGlobalSection
EndGlobal
