
Microsoft Visual Studio Solution File, Format Version 10.00
# Visual Studio 2008
Project("{FAE04EC0-301F-11D3-BF4B-00C04F79EFBC}") = "Builder", "Builder.csproj", "{818B3D10-F791-4C3F-9AF5-BB2D0079B63C}"
EndProject
Project("{FAE04EC0-301F-11D3-BF4B-00C04F79EFBC}") = "BuilderModes", "..\Plugins\BuilderModes\BuilderModes.csproj", "{B42D5AA0-F9A6-4234-9C4B-A05B11A64851}"
EndProject
Project("{FAE04EC0-301F-11D3-BF4B-00C04F79EFBC}") = "ColorPicker", "..\Plugins\ColorPicker\ColorPicker.csproj", "{A4761900-0EA3-4FE4-A919-847FD5080EFC}"
EndProject
Project("{FAE04EC0-301F-11D3-BF4B-00C04F79EFBC}") = "UDMFControls", "..\Plugins\UMDFControls\UDMFControls.csproj", "{2D11C828-295C-463A-8545-CA1AD6D51518}"
EndProject
Project("{FAE04EC0-301F-11D3-BF4B-00C04F79EFBC}") = "TagExplorer", "..\Plugins\TagExplorer\TagExplorer.csproj", "{BE7917F3-E6FE-4D5B-8FA9-B8E7668AC731}"
EndProject
Project("{FAE04EC0-301F-11D3-BF4B-00C04F79EFBC}") = "BuilderEffects", "..\Plugins\BuilderEffects\BuilderEffects.csproj", "{B859BE0F-A992-476D-A642-FA8EFE94AAA5}"
	ProjectSection(ProjectDependencies) = postProject
		{818B3D10-F791-4C3F-9AF5-BB2D0079B63C} = {818B3D10-F791-4C3F-9AF5-BB2D0079B63C}
	EndProjectSection
EndProject
Project("{FAE04EC0-301F-11D3-BF4B-00C04F79EFBC}") = "CommentsPanel", "..\Plugins\CommentsPanel\CommentsPanel.csproj", "{58BD8A5B-1B48-435D-8473-A92F27D06C49}"
EndProject
Global
	GlobalSection(SolutionConfigurationPlatforms) = preSolution
		Debug|Any CPU = Debug|Any CPU
		Debug|Mixed Platforms = Debug|Mixed Platforms
		Debug|x86 = Debug|x86
		Release|Any CPU = Release|Any CPU
		Release|Mixed Platforms = Release|Mixed Platforms
		Release|x86 = Release|x86
	EndGlobalSection
	GlobalSection(ProjectConfigurationPlatforms) = postSolution
		{818B3D10-F791-4C3F-9AF5-BB2D0079B63C}.Debug|Any CPU.ActiveCfg = Debug|x86
		{818B3D10-F791-4C3F-9AF5-BB2D0079B63C}.Debug|Mixed Platforms.ActiveCfg = Debug|x86
		{818B3D10-F791-4C3F-9AF5-BB2D0079B63C}.Debug|Mixed Platforms.Build.0 = Debug|x86
		{818B3D10-F791-4C3F-9AF5-BB2D0079B63C}.Debug|x86.ActiveCfg = Debug|x86
		{818B3D10-F791-4C3F-9AF5-BB2D0079B63C}.Debug|x86.Build.0 = Debug|x86
		{818B3D10-F791-4C3F-9AF5-BB2D0079B63C}.Release|Any CPU.ActiveCfg = Release|x86
		{818B3D10-F791-4C3F-9AF5-BB2D0079B63C}.Release|Mixed Platforms.ActiveCfg = Release|x86
		{818B3D10-F791-4C3F-9AF5-BB2D0079B63C}.Release|Mixed Platforms.Build.0 = Release|x86
		{818B3D10-F791-4C3F-9AF5-BB2D0079B63C}.Release|x86.ActiveCfg = Release|x86
		{818B3D10-F791-4C3F-9AF5-BB2D0079B63C}.Release|x86.Build.0 = Release|x86
		{B42D5AA0-F9A6-4234-9C4B-A05B11A64851}.Debug|Any CPU.ActiveCfg = Debug|x86
		{B42D5AA0-F9A6-4234-9C4B-A05B11A64851}.Debug|Mixed Platforms.ActiveCfg = Debug|x86
		{B42D5AA0-F9A6-4234-9C4B-A05B11A64851}.Debug|Mixed Platforms.Build.0 = Debug|x86
		{B42D5AA0-F9A6-4234-9C4B-A05B11A64851}.Debug|x86.ActiveCfg = Debug|x86
		{B42D5AA0-F9A6-4234-9C4B-A05B11A64851}.Debug|x86.Build.0 = Debug|x86
		{B42D5AA0-F9A6-4234-9C4B-A05B11A64851}.Release|Any CPU.ActiveCfg = Release|x86
		{B42D5AA0-F9A6-4234-9C4B-A05B11A64851}.Release|Mixed Platforms.ActiveCfg = Release|x86
		{B42D5AA0-F9A6-4234-9C4B-A05B11A64851}.Release|Mixed Platforms.Build.0 = Release|x86
		{B42D5AA0-F9A6-4234-9C4B-A05B11A64851}.Release|x86.ActiveCfg = Release|x86
		{B42D5AA0-F9A6-4234-9C4B-A05B11A64851}.Release|x86.Build.0 = Release|x86
		{A4761900-0EA3-4FE4-A919-847FD5080EFC}.Debug|Any CPU.ActiveCfg = Debug|x86
		{A4761900-0EA3-4FE4-A919-847FD5080EFC}.Debug|Mixed Platforms.ActiveCfg = Debug|x86
		{A4761900-0EA3-4FE4-A919-847FD5080EFC}.Debug|Mixed Platforms.Build.0 = Debug|x86
		{A4761900-0EA3-4FE4-A919-847FD5080EFC}.Debug|x86.ActiveCfg = Debug|x86
		{A4761900-0EA3-4FE4-A919-847FD5080EFC}.Debug|x86.Build.0 = Debug|x86
		{A4761900-0EA3-4FE4-A919-847FD5080EFC}.Release|Any CPU.ActiveCfg = Release|x86
		{A4761900-0EA3-4FE4-A919-847FD5080EFC}.Release|Mixed Platforms.ActiveCfg = Release|x86
		{A4761900-0EA3-4FE4-A919-847FD5080EFC}.Release|Mixed Platforms.Build.0 = Release|x86
		{A4761900-0EA3-4FE4-A919-847FD5080EFC}.Release|x86.ActiveCfg = Release|x86
		{A4761900-0EA3-4FE4-A919-847FD5080EFC}.Release|x86.Build.0 = Release|x86
		{2D11C828-295C-463A-8545-CA1AD6D51518}.Debug|Any CPU.ActiveCfg = Debug|x86
		{2D11C828-295C-463A-8545-CA1AD6D51518}.Debug|Mixed Platforms.ActiveCfg = Debug|x86
		{2D11C828-295C-463A-8545-CA1AD6D51518}.Debug|Mixed Platforms.Build.0 = Debug|x86
		{2D11C828-295C-463A-8545-CA1AD6D51518}.Debug|x86.ActiveCfg = Debug|x86
		{2D11C828-295C-463A-8545-CA1AD6D51518}.Debug|x86.Build.0 = Debug|x86
		{2D11C828-295C-463A-8545-CA1AD6D51518}.Release|Any CPU.ActiveCfg = Release|x86
		{2D11C828-295C-463A-8545-CA1AD6D51518}.Release|Mixed Platforms.ActiveCfg = Release|x86
		{2D11C828-295C-463A-8545-CA1AD6D51518}.Release|Mixed Platforms.Build.0 = Release|x86
		{2D11C828-295C-463A-8545-CA1AD6D51518}.Release|x86.ActiveCfg = Release|x86
		{2D11C828-295C-463A-8545-CA1AD6D51518}.Release|x86.Build.0 = Release|x86
		{BE7917F3-E6FE-4D5B-8FA9-B8E7668AC731}.Debug|Any CPU.ActiveCfg = Debug|x86
		{BE7917F3-E6FE-4D5B-8FA9-B8E7668AC731}.Debug|Mixed Platforms.ActiveCfg = Debug|x86
		{BE7917F3-E6FE-4D5B-8FA9-B8E7668AC731}.Debug|Mixed Platforms.Build.0 = Debug|x86
		{BE7917F3-E6FE-4D5B-8FA9-B8E7668AC731}.Debug|x86.ActiveCfg = Debug|x86
		{BE7917F3-E6FE-4D5B-8FA9-B8E7668AC731}.Debug|x86.Build.0 = Debug|x86
		{BE7917F3-E6FE-4D5B-8FA9-B8E7668AC731}.Release|Any CPU.ActiveCfg = Release|x86
		{BE7917F3-E6FE-4D5B-8FA9-B8E7668AC731}.Release|Mixed Platforms.ActiveCfg = Release|x86
		{BE7917F3-E6FE-4D5B-8FA9-B8E7668AC731}.Release|Mixed Platforms.Build.0 = Release|x86
		{BE7917F3-E6FE-4D5B-8FA9-B8E7668AC731}.Release|x86.ActiveCfg = Release|x86
		{BE7917F3-E6FE-4D5B-8FA9-B8E7668AC731}.Release|x86.Build.0 = Release|x86
		{B859BE0F-A992-476D-A642-FA8EFE94AAA5}.Debug|Any CPU.ActiveCfg = Debug|Any CPU
		{B859BE0F-A992-476D-A642-FA8EFE94AAA5}.Debug|Any CPU.Build.0 = Debug|Any CPU
		{B859BE0F-A992-476D-A642-FA8EFE94AAA5}.Debug|Mixed Platforms.ActiveCfg = Debug|Any CPU
		{B859BE0F-A992-476D-A642-FA8EFE94AAA5}.Debug|Mixed Platforms.Build.0 = Debug|Any CPU
		{B859BE0F-A992-476D-A642-FA8EFE94AAA5}.Debug|x86.ActiveCfg = Debug|x86
		{B859BE0F-A992-476D-A642-FA8EFE94AAA5}.Debug|x86.Build.0 = Debug|x86
		{B859BE0F-A992-476D-A642-FA8EFE94AAA5}.Release|Any CPU.ActiveCfg = Release|Any CPU
		{B859BE0F-A992-476D-A642-FA8EFE94AAA5}.Release|Any CPU.Build.0 = Release|Any CPU
		{B859BE0F-A992-476D-A642-FA8EFE94AAA5}.Release|Mixed Platforms.ActiveCfg = Release|Any CPU
		{B859BE0F-A992-476D-A642-FA8EFE94AAA5}.Release|Mixed Platforms.Build.0 = Release|Any CPU
		{B859BE0F-A992-476D-A642-FA8EFE94AAA5}.Release|x86.ActiveCfg = Release|x86
		{B859BE0F-A992-476D-A642-FA8EFE94AAA5}.Release|x86.Build.0 = Release|x86
		{58BD8A5B-1B48-435D-8473-A92F27D06C49}.Debug|Any CPU.ActiveCfg = Debug|x86
		{58BD8A5B-1B48-435D-8473-A92F27D06C49}.Debug|Mixed Platforms.ActiveCfg = Debug|x86
		{58BD8A5B-1B48-435D-8473-A92F27D06C49}.Debug|Mixed Platforms.Build.0 = Debug|x86
		{58BD8A5B-1B48-435D-8473-A92F27D06C49}.Debug|x86.ActiveCfg = Debug|x86
		{58BD8A5B-1B48-435D-8473-A92F27D06C49}.Debug|x86.Build.0 = Debug|x86
		{58BD8A5B-1B48-435D-8473-A92F27D06C49}.Release|Any CPU.ActiveCfg = Release|x86
		{58BD8A5B-1B48-435D-8473-A92F27D06C49}.Release|Mixed Platforms.ActiveCfg = Release|x86
		{58BD8A5B-1B48-435D-8473-A92F27D06C49}.Release|Mixed Platforms.Build.0 = Release|x86
		{58BD8A5B-1B48-435D-8473-A92F27D06C49}.Release|x86.ActiveCfg = Release|x86
		{58BD8A5B-1B48-435D-8473-A92F27D06C49}.Release|x86.Build.0 = Release|x86
	EndGlobalSection
	GlobalSection(SolutionProperties) = preSolution
		HideSolutionNode = FALSE
	EndGlobalSection
EndGlobal
