
Microsoft Visual Studio Solution File, Format Version 10.00
# Visual Studio 2008
Project("{FAE04EC0-301F-11D3-BF4B-00C04F79EFBC}") = "Updater", "Updater\Updater.csproj", "{2A0BA1B2-A0F1-479F-9083-2EC11D6B70DF}"
EndProject
Project("{FAE04EC0-301F-11D3-BF4B-00C04F79EFBC}") = "VersionFromEXE", "VersionFromEXE\VersionFromEXE.csproj", "{72734EB9-2733-4C05-A091-7FA591AF53C3}"
EndProject
Project("{FAE04EC0-301F-11D3-BF4B-00C04F79EFBC}") = "VersionFromSVN", "VersionFromSVN\VersionFromSVN.csproj", "{58D7AB05-5FA0-47EE-8F74-463AC2AED47C}"
EndProject
Project("{FAE04EC0-301F-11D3-BF4B-00C04F79EFBC}") = "ChangelogMaker", "ChangelogMaker\ChangelogMaker.csproj", "{5023F443-E5D2-4252-9691-19700622349E}"
EndProject
Global
	GlobalSection(SolutionConfigurationPlatforms) = preSolution
		Debug|Any CPU = Debug|Any CPU
		Release|Any CPU = Release|Any CPU
	EndGlobalSection
	GlobalSection(ProjectConfigurationPlatforms) = postSolution
		{2A0BA1B2-A0F1-479F-9083-2EC11D6B70DF}.Debug|Any CPU.ActiveCfg = Debug|Any CPU
		{2A0BA1B2-A0F1-479F-9083-2EC11D6B70DF}.Debug|Any CPU.Build.0 = Debug|Any CPU
		{2A0BA1B2-A0F1-479F-9083-2EC11D6B70DF}.Release|Any CPU.ActiveCfg = Release|Any CPU
		{2A0BA1B2-A0F1-479F-9083-2EC11D6B70DF}.Release|Any CPU.Build.0 = Release|Any CPU
		{72734EB9-2733-4C05-A091-7FA591AF53C3}.Debug|Any CPU.ActiveCfg = Debug|Any CPU
		{72734EB9-2733-4C05-A091-7FA591AF53C3}.Debug|Any CPU.Build.0 = Debug|Any CPU
		{72734EB9-2733-4C05-A091-7FA591AF53C3}.Release|Any CPU.ActiveCfg = Release|Any CPU
		{72734EB9-2733-4C05-A091-7FA591AF53C3}.Release|Any CPU.Build.0 = Release|Any CPU
		{58D7AB05-5FA0-47EE-8F74-463AC2AED47C}.Debug|Any CPU.ActiveCfg = Debug|Any CPU
		{58D7AB05-5FA0-47EE-8F74-463AC2AED47C}.Debug|Any CPU.Build.0 = Debug|Any CPU
		{58D7AB05-5FA0-47EE-8F74-463AC2AED47C}.Release|Any CPU.ActiveCfg = Release|Any CPU
		{58D7AB05-5FA0-47EE-8F74-463AC2AED47C}.Release|Any CPU.Build.0 = Release|Any CPU
		{5023F443-E5D2-4252-9691-19700622349E}.Debug|Any CPU.ActiveCfg = Debug|Any CPU
		{5023F443-E5D2-4252-9691-19700622349E}.Debug|Any CPU.Build.0 = Debug|Any CPU
		{5023F443-E5D2-4252-9691-19700622349E}.Release|Any CPU.ActiveCfg = Release|Any CPU
		{5023F443-E5D2-4252-9691-19700622349E}.Release|Any CPU.Build.0 = Release|Any CPU
	EndGlobalSection
	GlobalSection(SolutionProperties) = preSolution
		HideSolutionNode = FALSE
	EndGlobalSection
EndGlobal
